
Microsoft Visual Studio Solution File, Format Version 12.00
Project("{FAE04EC0-301F-11D3-BF4B-00C04F79EFBC}") = "Presentation", "Presentation\Presentation.csproj", "{EE37796A-98FE-43C2-8AA7-0DCAA08A7F2E}"
EndProject
Project("{FAE04EC0-301F-11D3-BF4B-00C04F79EFBC}") = "Domain", "Domain\Domain.csproj", "{851A2B32-741A-4735-AB5C-E220DDF99AA8}"
EndProject
Project("{FAE04EC0-301F-11D3-BF4B-00C04F79EFBC}") = "Application", "Application\Application.csproj", "{CCF2424C-ECB0-40B8-BC1E-5E3B9F228D83}"
EndProject
Project("{FAE04EC0-301F-11D3-BF4B-00C04F79EFBC}") = "Infrastructure", "Infrastructure\Infrastructure.csproj", "{DF62C0CC-1C2F-4D28-8CCB-A179A4FC1752}"
EndProject
Project("{FAE04EC0-301F-11D3-BF4B-00C04F79EFBC}") = "Tests", "Tests\Tests.csproj", "{26F10670-39DB-4262-B51F-8A269B0E13D7}"
EndProject
Project("{2150E333-8FDC-42A3-9474-1A3956D46DE8}") = "conf", "conf", "{D7488313-D9E8-440C-9FEF-BA442E528C51}"
	ProjectSection(SolutionItems) = preProject
		..\..\.gitignore = ..\..\.gitignore
		..\docker-compose.yml = ..\docker-compose.yml
		..\nginx.conf = ..\nginx.conf
		Dockerfile = Dockerfile
		..\docker-compose.override.yml = ..\docker-compose.override.yml
	EndProjectSection
EndProject
Project("{2150E333-8FDC-42A3-9474-1A3956D46DE8}") = "src", "src", "{4C90CDA0-F7A5-4EB5-BC3F-93379A63669D}"
EndProject
Global
	GlobalSection(SolutionConfigurationPlatforms) = preSolution
		Debug|Any CPU = Debug|Any CPU
		Release|Any CPU = Release|Any CPU
	EndGlobalSection
	GlobalSection(ProjectConfigurationPlatforms) = postSolution
		{EE37796A-98FE-43C2-8AA7-0DCAA08A7F2E}.Debug|Any CPU.ActiveCfg = Debug|Any CPU
		{EE37796A-98FE-43C2-8AA7-0DCAA08A7F2E}.Debug|Any CPU.Build.0 = Debug|Any CPU
		{EE37796A-98FE-43C2-8AA7-0DCAA08A7F2E}.Release|Any CPU.ActiveCfg = Release|Any CPU
		{EE37796A-98FE-43C2-8AA7-0DCAA08A7F2E}.Release|Any CPU.Build.0 = Release|Any CPU
		{851A2B32-741A-4735-AB5C-E220DDF99AA8}.Debug|Any CPU.ActiveCfg = Debug|Any CPU
		{851A2B32-741A-4735-AB5C-E220DDF99AA8}.Debug|Any CPU.Build.0 = Debug|Any CPU
		{851A2B32-741A-4735-AB5C-E220DDF99AA8}.Release|Any CPU.ActiveCfg = Release|Any CPU
		{851A2B32-741A-4735-AB5C-E220DDF99AA8}.Release|Any CPU.Build.0 = Release|Any CPU
		{CCF2424C-ECB0-40B8-BC1E-5E3B9F228D83}.Debug|Any CPU.ActiveCfg = Debug|Any CPU
		{CCF2424C-ECB0-40B8-BC1E-5E3B9F228D83}.Debug|Any CPU.Build.0 = Debug|Any CPU
		{CCF2424C-ECB0-40B8-BC1E-5E3B9F228D83}.Release|Any CPU.ActiveCfg = Release|Any CPU
		{CCF2424C-ECB0-40B8-BC1E-5E3B9F228D83}.Release|Any CPU.Build.0 = Release|Any CPU
		{DF62C0CC-1C2F-4D28-8CCB-A179A4FC1752}.Debug|Any CPU.ActiveCfg = Debug|Any CPU
		{DF62C0CC-1C2F-4D28-8CCB-A179A4FC1752}.Debug|Any CPU.Build.0 = Debug|Any CPU
		{DF62C0CC-1C2F-4D28-8CCB-A179A4FC1752}.Release|Any CPU.ActiveCfg = Release|Any CPU
		{DF62C0CC-1C2F-4D28-8CCB-A179A4FC1752}.Release|Any CPU.Build.0 = Release|Any CPU
		{26F10670-39DB-4262-B51F-8A269B0E13D7}.Debug|Any CPU.ActiveCfg = Debug|Any CPU
		{26F10670-39DB-4262-B51F-8A269B0E13D7}.Debug|Any CPU.Build.0 = Debug|Any CPU
		{26F10670-39DB-4262-B51F-8A269B0E13D7}.Release|Any CPU.ActiveCfg = Release|Any CPU
		{26F10670-39DB-4262-B51F-8A269B0E13D7}.Release|Any CPU.Build.0 = Release|Any CPU
	EndGlobalSection
	GlobalSection(NestedProjects) = preSolution
		{CCF2424C-ECB0-40B8-BC1E-5E3B9F228D83} = {4C90CDA0-F7A5-4EB5-BC3F-93379A63669D}
		{851A2B32-741A-4735-AB5C-E220DDF99AA8} = {4C90CDA0-F7A5-4EB5-BC3F-93379A63669D}
		{DF62C0CC-1C2F-4D28-8CCB-A179A4FC1752} = {4C90CDA0-F7A5-4EB5-BC3F-93379A63669D}
		{EE37796A-98FE-43C2-8AA7-0DCAA08A7F2E} = {4C90CDA0-F7A5-4EB5-BC3F-93379A63669D}
	EndGlobalSection
EndGlobal
