
Microsoft Visual Studio Solution File, Format Version 12.00
Project("{FAE04EC0-301F-11D3-BF4B-00C04F79EFBC}") = "Presentation", "Presentation\Presentation.csproj", "{7729F5D6-6041-454A-95FA-1906A1E448D9}"
EndProject
Project("{2150E333-8FDC-42A3-9474-1A3956D46DE8}") = "src", "src", "{94C6D34E-07FA-437C-891C-33DF158F7C96}"
EndProject
Project("{2150E333-8FDC-42A3-9474-1A3956D46DE8}") = "conf", "conf", "{C3395A0E-F7A1-43F6-81B2-A6FBFB1BF73B}"
EndProject
Global
	GlobalSection(SolutionConfigurationPlatforms) = preSolution
		Debug|Any CPU = Debug|Any CPU
		Release|Any CPU = Release|Any CPU
	EndGlobalSection
	GlobalSection(ProjectConfigurationPlatforms) = postSolution
		{7729F5D6-6041-454A-95FA-1906A1E448D9}.Debug|Any CPU.ActiveCfg = Debug|Any CPU
		{7729F5D6-6041-454A-95FA-1906A1E448D9}.Debug|Any CPU.Build.0 = Debug|Any CPU
		{7729F5D6-6041-454A-95FA-1906A1E448D9}.Release|Any CPU.ActiveCfg = Release|Any CPU
		{7729F5D6-6041-454A-95FA-1906A1E448D9}.Release|Any CPU.Build.0 = Release|Any CPU
	EndGlobalSection
	GlobalSection(NestedProjects) = preSolution
		{7729F5D6-6041-454A-95FA-1906A1E448D9} = {94C6D34E-07FA-437C-891C-33DF158F7C96}
	EndGlobalSection
EndGlobal
