    
Microsoft Visual Studio Solution File, Format Version 12.00
Project("{FAE04EC0-301F-11D3-BF4B-00C04F79EFBC}") = "Presentation", "Presentation\Presentation.csproj", "{7729F5D6-6041-454A-95FA-1906A1E448D9}"
EndProject
Project("{2150E333-8FDC-42A3-9474-1A3956D46DE8}") = "src", "src", "{94C6D34E-07FA-437C-891C-33DF158F7C96}"
EndProject
Project("{2150E333-8FDC-42A3-9474-1A3956D46DE8}") = "conf", "conf", "{C3395A0E-F7A1-43F6-81B2-A6FBFB1BF73B}"
	ProjectSection(SolutionItems) = preProject
		..\docker-compose.yml = ..\docker-compose.yml
		Dockerfile = Dockerfile
		https\dev-certificate.pfx = https\dev-certificate.pfx
	EndProjectSection
EndProject
Project("{FAE04EC0-301F-11D3-BF4B-00C04F79EFBC}") = "Infrastructure", "Infrastructure\Infrastructure.csproj", "{7ADAFFC4-2E42-4461-A167-EB305A4C91E9}"
EndProject
Project("{FAE04EC0-301F-11D3-BF4B-00C04F79EFBC}") = "Application", "Application\Application.csproj", "{37D3B202-DED4-4E1E-B6FC-F60056B500A5}"
EndProject
Project("{FAE04EC0-301F-11D3-BF4B-00C04F79EFBC}") = "Domain", "Domain\Domain.csproj", "{0FA24C18-EFDF-4D7F-BA5F-C74197E28ED6}"
EndProject
Project("{FAE04EC0-301F-11D3-BF4B-00C04F79EFBC}") = "Tests", "Tests\Tests.csproj", "{FC957BE9-1A8C-4ADE-BA49-1F77BC911063}"
EndProject
Global
	GlobalSection(SolutionConfigurationPlatforms) = preSolution
		Debug|Any CPU = Debug|Any CPU
		Release|Any CPU = Release|Any CPU
	EndGlobalSection
	GlobalSection(ProjectConfigurationPlatforms) = postSolution
		{7729F5D6-6041-454A-95FA-1906A1E448D9}.Debug|Any CPU.ActiveCfg = Debug|Any CPU
		{7729F5D6-6041-454A-95FA-1906A1E448D9}.Debug|Any CPU.Build.0 = Debug|Any CPU
		{7729F5D6-6041-454A-95FA-1906A1E448D9}.Release|Any CPU.ActiveCfg = Release|Any CPU
		{7729F5D6-6041-454A-95FA-1906A1E448D9}.Release|Any CPU.Build.0 = Release|Any CPU
		{7ADAFFC4-2E42-4461-A167-EB305A4C91E9}.Debug|Any CPU.ActiveCfg = Debug|Any CPU
		{7ADAFFC4-2E42-4461-A167-EB305A4C91E9}.Debug|Any CPU.Build.0 = Debug|Any CPU
		{7ADAFFC4-2E42-4461-A167-EB305A4C91E9}.Release|Any CPU.ActiveCfg = Release|Any CPU
		{7ADAFFC4-2E42-4461-A167-EB305A4C91E9}.Release|Any CPU.Build.0 = Release|Any CPU
		{37D3B202-DED4-4E1E-B6FC-F60056B500A5}.Debug|Any CPU.ActiveCfg = Debug|Any CPU
		{37D3B202-DED4-4E1E-B6FC-F60056B500A5}.Debug|Any CPU.Build.0 = Debug|Any CPU
		{37D3B202-DED4-4E1E-B6FC-F60056B500A5}.Release|Any CPU.ActiveCfg = Release|Any CPU
		{37D3B202-DED4-4E1E-B6FC-F60056B500A5}.Release|Any CPU.Build.0 = Release|Any CPU
		{0FA24C18-EFDF-4D7F-BA5F-C74197E28ED6}.Debug|Any CPU.ActiveCfg = Debug|Any CPU
		{0FA24C18-EFDF-4D7F-BA5F-C74197E28ED6}.Debug|Any CPU.Build.0 = Debug|Any CPU
		{0FA24C18-EFDF-4D7F-BA5F-C74197E28ED6}.Release|Any CPU.ActiveCfg = Release|Any CPU
		{0FA24C18-EFDF-4D7F-BA5F-C74197E28ED6}.Release|Any CPU.Build.0 = Release|Any CPU
		{FC957BE9-1A8C-4ADE-BA49-1F77BC911063}.Debug|Any CPU.ActiveCfg = Debug|Any CPU
		{FC957BE9-1A8C-4ADE-BA49-1F77BC911063}.Debug|Any CPU.Build.0 = Debug|Any CPU
		{FC957BE9-1A8C-4ADE-BA49-1F77BC911063}.Release|Any CPU.ActiveCfg = Release|Any CPU
		{FC957BE9-1A8C-4ADE-BA49-1F77BC911063}.Release|Any CPU.Build.0 = Release|Any CPU
	EndGlobalSection
	GlobalSection(NestedProjects) = preSolution
		{7729F5D6-6041-454A-95FA-1906A1E448D9} = {94C6D34E-07FA-437C-891C-33DF158F7C96}
		{7ADAFFC4-2E42-4461-A167-EB305A4C91E9} = {94C6D34E-07FA-437C-891C-33DF158F7C96}
		{37D3B202-DED4-4E1E-B6FC-F60056B500A5} = {94C6D34E-07FA-437C-891C-33DF158F7C96}
		{0FA24C18-EFDF-4D7F-BA5F-C74197E28ED6} = {94C6D34E-07FA-437C-891C-33DF158F7C96}
		{FC957BE9-1A8C-4ADE-BA49-1F77BC911063} = {94C6D34E-07FA-437C-891C-33DF158F7C96}
	EndGlobalSection
EndGlobal
